
Microsoft Visual Studio Solution File, Format Version 12.00
# Visual Studio Version 17
VisualStudioVersion = 17.11.35312.102
MinimumVisualStudioVersion = 10.0.40219.1
Project("{9A19103F-16F7-4668-BE54-9A1E7A4F7556}") = "DetailedDescriptions", "DetailedDescriptions\DetailedDescriptions.csproj", "{1D536533-5B10-4FD0-BB95-8886301C91B7}"
EndProject
Global
	GlobalSection(SolutionConfigurationPlatforms) = preSolution
		Debug|Any CPU = Debug|Any CPU
		Release|Any CPU = Release|Any CPU
	EndGlobalSection
	GlobalSection(ProjectConfigurationPlatforms) = postSolution
		{1D536533-5B10-4FD0-BB95-8886301C91B7}.Debug|Any CPU.ActiveCfg = Debug|Any CPU
		{1D536533-5B10-4FD0-BB95-8886301C91B7}.Debug|Any CPU.Build.0 = Debug|Any CPU
		{1D536533-5B10-4FD0-BB95-8886301C91B7}.Release|Any CPU.ActiveCfg = Release|Any CPU
		{1D536533-5B10-4FD0-BB95-8886301C91B7}.Release|Any CPU.Build.0 = Release|Any CPU
	EndGlobalSection
	GlobalSection(SolutionProperties) = preSolution
		HideSolutionNode = FALSE
	EndGlobalSection
	GlobalSection(ExtensibilityGlobals) = postSolution
		SolutionGuid = {F70318E8-A8FA-49E4-9D68-334216A67EAE}
	EndGlobalSection
EndGlobal
